
Microsoft Visual Studio Solution File, Format Version 12.00
# Visual Studio Version 17
VisualStudioVersion = 17.8.34525.116
MinimumVisualStudioVersion = 10.0.40219.1
Project("{9A19103F-16F7-4668-BE54-9A1E7A4F7556}") = "DataAccess", "DataAccess\DataAccess.csproj", "{3241F581-21F3-4BC6-9174-69A96ADD61E0}"
EndProject
Project("{9A19103F-16F7-4668-BE54-9A1E7A4F7556}") = "Business", "Business\Business.csproj", "{9514255E-06D4-4C04-AB02-5BAFE92CEA73}"
EndProject
Project("{9A19103F-16F7-4668-BE54-9A1E7A4F7556}") = "Entities", "Entities\Entities.csproj", "{B85BF379-7489-4082-AFDF-202C07AED968}"
EndProject
Project("{9A19103F-16F7-4668-BE54-9A1E7A4F7556}") = "ConsoleUI", "ConsoleUI\ConsoleUI.csproj", "{EE465E74-84DD-4E6C-9962-7247BEDDA659}"
EndProject
Project("{9A19103F-16F7-4668-BE54-9A1E7A4F7556}") = "Core", "Core\Core.csproj", "{DA06F526-D330-40DA-A1DE-DBA2A110D96A}"
EndProject
Project("{9A19103F-16F7-4668-BE54-9A1E7A4F7556}") = "WebAPI1", "WebAPI1\WebAPI1.csproj", "{95898E6E-CB5B-4442-B403-22FC45C3D38D}"
EndProject
Global
	GlobalSection(SolutionConfigurationPlatforms) = preSolution
		Debug|Any CPU = Debug|Any CPU
		Release|Any CPU = Release|Any CPU
	EndGlobalSection
	GlobalSection(ProjectConfigurationPlatforms) = postSolution
		{3241F581-21F3-4BC6-9174-69A96ADD61E0}.Debug|Any CPU.ActiveCfg = Debug|Any CPU
		{3241F581-21F3-4BC6-9174-69A96ADD61E0}.Debug|Any CPU.Build.0 = Debug|Any CPU
		{3241F581-21F3-4BC6-9174-69A96ADD61E0}.Release|Any CPU.ActiveCfg = Release|Any CPU
		{3241F581-21F3-4BC6-9174-69A96ADD61E0}.Release|Any CPU.Build.0 = Release|Any CPU
		{9514255E-06D4-4C04-AB02-5BAFE92CEA73}.Debug|Any CPU.ActiveCfg = Debug|Any CPU
		{9514255E-06D4-4C04-AB02-5BAFE92CEA73}.Debug|Any CPU.Build.0 = Debug|Any CPU
		{9514255E-06D4-4C04-AB02-5BAFE92CEA73}.Release|Any CPU.ActiveCfg = Release|Any CPU
		{9514255E-06D4-4C04-AB02-5BAFE92CEA73}.Release|Any CPU.Build.0 = Release|Any CPU
		{B85BF379-7489-4082-AFDF-202C07AED968}.Debug|Any CPU.ActiveCfg = Debug|Any CPU
		{B85BF379-7489-4082-AFDF-202C07AED968}.Debug|Any CPU.Build.0 = Debug|Any CPU
		{B85BF379-7489-4082-AFDF-202C07AED968}.Release|Any CPU.ActiveCfg = Release|Any CPU
		{B85BF379-7489-4082-AFDF-202C07AED968}.Release|Any CPU.Build.0 = Release|Any CPU
		{EE465E74-84DD-4E6C-9962-7247BEDDA659}.Debug|Any CPU.ActiveCfg = Debug|Any CPU
		{EE465E74-84DD-4E6C-9962-7247BEDDA659}.Debug|Any CPU.Build.0 = Debug|Any CPU
		{EE465E74-84DD-4E6C-9962-7247BEDDA659}.Release|Any CPU.ActiveCfg = Release|Any CPU
		{EE465E74-84DD-4E6C-9962-7247BEDDA659}.Release|Any CPU.Build.0 = Release|Any CPU
		{DA06F526-D330-40DA-A1DE-DBA2A110D96A}.Debug|Any CPU.ActiveCfg = Debug|Any CPU
		{DA06F526-D330-40DA-A1DE-DBA2A110D96A}.Debug|Any CPU.Build.0 = Debug|Any CPU
		{DA06F526-D330-40DA-A1DE-DBA2A110D96A}.Release|Any CPU.ActiveCfg = Release|Any CPU
		{DA06F526-D330-40DA-A1DE-DBA2A110D96A}.Release|Any CPU.Build.0 = Release|Any CPU
		{95898E6E-CB5B-4442-B403-22FC45C3D38D}.Debug|Any CPU.ActiveCfg = Debug|Any CPU
		{95898E6E-CB5B-4442-B403-22FC45C3D38D}.Debug|Any CPU.Build.0 = Debug|Any CPU
		{95898E6E-CB5B-4442-B403-22FC45C3D38D}.Release|Any CPU.ActiveCfg = Release|Any CPU
		{95898E6E-CB5B-4442-B403-22FC45C3D38D}.Release|Any CPU.Build.0 = Release|Any CPU
	EndGlobalSection
	GlobalSection(SolutionProperties) = preSolution
		HideSolutionNode = FALSE
	EndGlobalSection
	GlobalSection(ExtensibilityGlobals) = postSolution
		SolutionGuid = {1C6846A4-7878-4E6C-B4F7-26B612EE5BC9}
	EndGlobalSection
EndGlobal
